<Solution>
  <Folder Name="/Agents/">
    <File Path="../AnalystAgent.yaml" />
    <File Path="../CoderAgent.yaml" />
    <File Path="../Create.ps1" />
    <File Path="../ManagerAgent.yaml" />
    <File Path="../QuestionAgent.yaml" />
    <File Path="../README.md" />
    <File Path="../StudentAgent.yaml" />
    <File Path="../TeacherAgent.yaml" />
    <File Path="../WeatherAgent.yaml" />
    <File Path="../WebAgent.yaml" />
  </Folder>
  <Project Path="CreateAgents.csproj" />
</Solution>
