<Solution>
  <Configurations>
    <BuildType Name="Debug" />
    <BuildType Name="Publish" />
    <BuildType Name="Release" />
  </Configurations>
  <Folder Name="/Solution Items/">
    <File Path=".editorconfig" />
    <File Path=".gitignore" />
    <File Path="Directory.Build.props" />
    <File Path="Directory.Build.targets" />
    <File Path="Directory.Packages.props" />
  </Folder>
  <Folder Name="/Solution Items/nuget/">
    <File Path="nuget/icon.png" />
    <File Path="nuget/nuget-package.props" />
    <File Path="nuget/NUGET.md" />
  </Folder>
  <Folder Name="/Solution Items/tests/">
    <File Path="tests/.editorconfig" />
    <File Path="tests/Directory.Build.props" />
  </Folder>
  <Project Path="src/Microsoft.Agents.Abstractions/Microsoft.Agents.Abstractions.csproj" />
  <Project Path="src/Microsoft.Agents/Microsoft.Agents.csproj" />
  <Project Path="tests/Microsoft.Agents.Abstractions.UnitTests/Microsoft.Agents.Abstractions.UnitTests.csproj">
    <BuildType Solution="Publish|*" Project="Debug" />
  </Project>
  <Project Path="tests/Microsoft.Agents.UnitTests/Microsoft.Agents.UnitTests.csproj">
    <BuildType Solution="Publish|*" Project="Debug" />
  </Project>
</Solution>
