<Solution>
  <Configurations>
    <BuildType Name="Debug" />
    <BuildType Name="Publish" />
    <BuildType Name="Release" />
  </Configurations>
  <Folder Name="/ConformanceTests/">
    <Project Path="tests/AgentConformance.IntegrationTests/AgentConformance.IntegrationTests.csproj">
      <BuildType Solution="Publish|*" Project="Release" />
    </Project>
    <Project Path="tests/AzureAIAgentsPersistent.IntegrationTests/AzureAIAgentsPersistent.IntegrationTests.csproj" Id="e91d4745-7ccd-4de8-9bc0-31081f540038">
      <BuildType Solution="Publish|*" Project="Release" />
    </Project>
    <Project Path="tests/OpenAIAssistant.IntegrationTests/OpenAIAssistant.IntegrationTests.csproj" Id="a35b6971-6f27-4904-a168-8e12b229cced">
      <BuildType Solution="Publish|*" Project="Release" />
    </Project>
    <Project Path="tests/OpenAIChatCompletion.IntegrationTests/OpenAIChatCompletion.IntegrationTests.csproj">
      <BuildType Solution="Publish|*" Project="Release" />
    </Project>
    <Project Path="tests/OpenAIResponse.IntegrationTests/OpenAIResponse.IntegrationTests.csproj">
      <BuildType Solution="Publish|*" Project="Release" />
    </Project>
  </Folder>
  <Folder Name="/Samples/">
    <Project Path="samples/GettingStarted/GettingStarted.csproj">
      <BuildType Solution="Publish|*" Project="Debug" />
    </Project>
  </Folder>
  <Folder Name="/Solution Items/">
    <File Path=".editorconfig" />
    <File Path=".gitignore" />
    <File Path="Directory.Build.props" />
    <File Path="Directory.Build.targets" />
    <File Path="Directory.Packages.props" />
    <File Path="unittests.runsettings" />
  </Folder>
  <Folder Name="/Solution Items/nuget/">
    <File Path="nuget/icon.png" />
    <File Path="nuget/nuget-package.props" />
    <File Path="nuget/NUGET.md" />
  </Folder>
  <Folder Name="/Solution Items/tests/">
    <File Path="tests/.editorconfig" />
    <File Path="tests/Directory.Build.props" />
  </Folder>
  <Folder Name="/Solution Items/.github/" />
  <Folder Name="/Solution Items/.github/workflows/">
    <File Path="../.github/workflows/dotnet-build-and-test.yml" />
    <File Path="../.github/workflows/dotnet-check-coverage.ps1" />
    <File Path="../.github/workflows/dotnet-format.yml" />
  </Folder>
  <Folder Name="/Solution Items/eng/" />
  <Folder Name="/Solution Items/eng/MSBuild/">
    <File Path="eng/MSBuild/LegacySupport.props" />
    <File Path="eng/MSBuild/Shared.props" />
    <File Path="eng/MSBuild/Shared.targets" />
  </Folder>
  <Folder Name="/Solution Items/src/Shared/" />
  <Folder Name="/Solution Items/src/Shared/Throw/">
    <File Path="src/Shared/Throw/README.md" />
    <File Path="src/Shared/Throw/Throw.cs" />
  </Folder>
  <Folder Name="/Solution Items/src/Shared/IntegrationTests/">
    <File Path="src/Shared/IntegrationTests/AzureAIConfiguration.cs" />
    <File Path="src/Shared/IntegrationTests/OpenAIConfiguration.cs" />
    <File Path="src/Shared/IntegrationTests/README.md" />
  </Folder>
  <Folder Name="/Solution Items/src/Shared/Samples/">
    <File Path="src/Shared/Samples/README.md" />
    <File Path="src/Shared/Samples/BaseSample.cs" />
    <File Path="src/Shared/Samples/TestConfiguration.cs" />
    <File Path="src/Shared/Samples/TextOutputHelperExtensions.cs" />
    <File Path="src/Shared/Samples/XunitLogger.cs" />
  </Folder>
  <Folder Name="/Solution Items/samples/">
    <File Path="samples/.editorconfig" />
    <File Path="samples/Directory.Build.props" />
  </Folder>
  <Folder Name="/Solution Items/src/" />
  <Folder Name="/Solution Items/src/LegacySupport/">
    <File Path="src/LegacySupport/README.md" />
  </Folder>
  <Folder Name="/Solution Items/src/LegacySupport/CallerAttributes/">
    <File Path="src/LegacySupport/CallerAttributes/CallerArgumentExpressionAttribute.cs" />
    <File Path="src/LegacySupport/CallerAttributes/README.md" />
  </Folder>
  <Folder Name="/Solution Items/src/LegacySupport/DiagnosticAttributes/">
    <File Path="src/LegacySupport/DiagnosticAttributes/NullableAttributes.cs" />
    <File Path="src/LegacySupport/DiagnosticAttributes/README.md" />
  </Folder>
  <Folder Name="/Solution Items/src/LegacySupport/DiagnosticClasses/">
    <File Path="src/LegacySupport/DiagnosticClasses/UnreachableException.cs" />
    <File Path="src/LegacySupport/DiagnosticClasses/README.md" />
  </Folder>
  <Folder Name="/Solution Items/src/LegacySupport/ExperimentalAttribute/">
    <File Path="src/LegacySupport/ExperimentalAttribute/ExperimentalAttribute.cs" />
    <File Path="src/LegacySupport/ExperimentalAttribute/README.md" />
  </Folder>
  <Folder Name="/Solution Items/src/LegacySupport/IsExternalInit/">
    <File Path="src/LegacySupport/IsExternalInit/IsExternalInit.cs" />
    <File Path="src/LegacySupport/IsExternalInit/README.md" />
  </Folder>
  <Folder Name="/Solution Items/src/LegacySupport/TrimAttributes/">
    <File Path="src/LegacySupport/TrimAttributes/DynamicallyAccessedMembersAttribute.cs" />
    <File Path="src/LegacySupport/TrimAttributes/DynamicallyAccessedMemberTypes.cs" />
    <File Path="src/LegacySupport/TrimAttributes/README.md" />
    <File Path="src/LegacySupport/TrimAttributes/RequiresDynamicCodeAttribute.cs" />
    <File Path="src/LegacySupport/TrimAttributes/RequiresUnreferencedCodeAttribute.cs" />
    <File Path="src/LegacySupport/TrimAttributes/UnconditionalSuppressMessageAttribute.cs" />
  </Folder>
  <Project Path="src/Microsoft.Agents.Abstractions/Microsoft.Agents.Abstractions.csproj" />
  <Project Path="src/Microsoft.Agents/Microsoft.Agents.csproj" />
  <Project Path="src/Microsoft.Extensions.AI.AzureAIAgentsPersistent/Microsoft.Extensions.AI.AzureAIAgentsPersistent.csproj" />
  <Project Path="tests/Microsoft.Agents.Abstractions.UnitTests/Microsoft.Agents.Abstractions.UnitTests.csproj">
    <BuildType Solution="Publish|*" Project="Debug" />
  </Project>
  <Project Path="tests/Microsoft.Agents.UnitTests/Microsoft.Agents.UnitTests.csproj">
    <BuildType Solution="Publish|*" Project="Debug" />
  </Project>
</Solution>
